
Microsoft Visual Studio Solution File, Format Version 12.00
# Visual Studio Version 17
VisualStudioVersion = 17.5.33530.505
MinimumVisualStudioVersion = 10.0.40219.1
Project("{9A19103F-16F7-4668-BE54-9A1E7A4F7556}") = "Algorithm", "Algorithm\Algorithm.csproj", "{572F7B49-27B0-423C-9F9C-7BCAC24A5C32}"
EndProject
Project("{9A19103F-16F7-4668-BE54-9A1E7A4F7556}") = "List", "List\List.csproj", "{DA9A87F3-FF93-4C86-98EF-324DCBAADC99}"
EndProject
Project("{9A19103F-16F7-4668-BE54-9A1E7A4F7556}") = "LinkedList", "LinkedList\LinkedList.csproj", "{13E691F7-D94B-41DB-9169-0115F2C8500B}"
EndProject
Project("{9A19103F-16F7-4668-BE54-9A1E7A4F7556}") = "Iterator", "Iterator\Iterator.csproj", "{20798FBA-5E44-4398-B938-52154075EC33}"
EndProject
Project("{9A19103F-16F7-4668-BE54-9A1E7A4F7556}") = "Stack", "Stack\Stack.csproj", "{421662FA-9956-47D2-9D6A-0835F4F281A0}"
EndProject
Project("{9A19103F-16F7-4668-BE54-9A1E7A4F7556}") = "Queue", "Queue\Queue.csproj", "{187C47D9-63E7-4223-8FE3-B2D1DC029EE0}"
EndProject
Project("{9A19103F-16F7-4668-BE54-9A1E7A4F7556}") = "Heap", "Heap\Heap.csproj", "{065BAF85-7B7B-4F57-939F-F2D402902913}"
EndProject
Project("{9A19103F-16F7-4668-BE54-9A1E7A4F7556}") = "BinarySearchTree", "BinarySearchTree\BinarySearchTree.csproj", "{137AF7BC-A775-4C7F-8131-1E490FF9B099}"
EndProject
Project("{FAE04EC0-301F-11D3-BF4B-00C04F79EFBC}") = "HashTable", "HashTable\HashTable.csproj", "{12E7B3AA-607F-46EE-81CB-150C0AC4135B}"
EndProject
Global
	GlobalSection(SolutionConfigurationPlatforms) = preSolution
		Debug|Any CPU = Debug|Any CPU
		Release|Any CPU = Release|Any CPU
	EndGlobalSection
	GlobalSection(ProjectConfigurationPlatforms) = postSolution
		{572F7B49-27B0-423C-9F9C-7BCAC24A5C32}.Debug|Any CPU.ActiveCfg = Debug|Any CPU
		{572F7B49-27B0-423C-9F9C-7BCAC24A5C32}.Debug|Any CPU.Build.0 = Debug|Any CPU
		{572F7B49-27B0-423C-9F9C-7BCAC24A5C32}.Release|Any CPU.ActiveCfg = Release|Any CPU
		{572F7B49-27B0-423C-9F9C-7BCAC24A5C32}.Release|Any CPU.Build.0 = Release|Any CPU
		{DA9A87F3-FF93-4C86-98EF-324DCBAADC99}.Debug|Any CPU.ActiveCfg = Debug|Any CPU
		{DA9A87F3-FF93-4C86-98EF-324DCBAADC99}.Debug|Any CPU.Build.0 = Debug|Any CPU
		{DA9A87F3-FF93-4C86-98EF-324DCBAADC99}.Release|Any CPU.ActiveCfg = Release|Any CPU
		{DA9A87F3-FF93-4C86-98EF-324DCBAADC99}.Release|Any CPU.Build.0 = Release|Any CPU
		{13E691F7-D94B-41DB-9169-0115F2C8500B}.Debug|Any CPU.ActiveCfg = Debug|Any CPU
		{13E691F7-D94B-41DB-9169-0115F2C8500B}.Debug|Any CPU.Build.0 = Debug|Any CPU
		{13E691F7-D94B-41DB-9169-0115F2C8500B}.Release|Any CPU.ActiveCfg = Release|Any CPU
		{13E691F7-D94B-41DB-9169-0115F2C8500B}.Release|Any CPU.Build.0 = Release|Any CPU
		{20798FBA-5E44-4398-B938-52154075EC33}.Debug|Any CPU.ActiveCfg = Debug|Any CPU
		{20798FBA-5E44-4398-B938-52154075EC33}.Debug|Any CPU.Build.0 = Debug|Any CPU
		{20798FBA-5E44-4398-B938-52154075EC33}.Release|Any CPU.ActiveCfg = Release|Any CPU
		{20798FBA-5E44-4398-B938-52154075EC33}.Release|Any CPU.Build.0 = Release|Any CPU
		{421662FA-9956-47D2-9D6A-0835F4F281A0}.Debug|Any CPU.ActiveCfg = Debug|Any CPU
		{421662FA-9956-47D2-9D6A-0835F4F281A0}.Debug|Any CPU.Build.0 = Debug|Any CPU
		{421662FA-9956-47D2-9D6A-0835F4F281A0}.Release|Any CPU.ActiveCfg = Release|Any CPU
		{421662FA-9956-47D2-9D6A-0835F4F281A0}.Release|Any CPU.Build.0 = Release|Any CPU
		{187C47D9-63E7-4223-8FE3-B2D1DC029EE0}.Debug|Any CPU.ActiveCfg = Debug|Any CPU
		{187C47D9-63E7-4223-8FE3-B2D1DC029EE0}.Debug|Any CPU.Build.0 = Debug|Any CPU
		{187C47D9-63E7-4223-8FE3-B2D1DC029EE0}.Release|Any CPU.ActiveCfg = Release|Any CPU
		{187C47D9-63E7-4223-8FE3-B2D1DC029EE0}.Release|Any CPU.Build.0 = Release|Any CPU
		{065BAF85-7B7B-4F57-939F-F2D402902913}.Debug|Any CPU.ActiveCfg = Debug|Any CPU
		{065BAF85-7B7B-4F57-939F-F2D402902913}.Debug|Any CPU.Build.0 = Debug|Any CPU
		{065BAF85-7B7B-4F57-939F-F2D402902913}.Release|Any CPU.ActiveCfg = Release|Any CPU
		{065BAF85-7B7B-4F57-939F-F2D402902913}.Release|Any CPU.Build.0 = Release|Any CPU
		{137AF7BC-A775-4C7F-8131-1E490FF9B099}.Debug|Any CPU.ActiveCfg = Debug|Any CPU
		{137AF7BC-A775-4C7F-8131-1E490FF9B099}.Debug|Any CPU.Build.0 = Debug|Any CPU
		{137AF7BC-A775-4C7F-8131-1E490FF9B099}.Release|Any CPU.ActiveCfg = Release|Any CPU
		{137AF7BC-A775-4C7F-8131-1E490FF9B099}.Release|Any CPU.Build.0 = Release|Any CPU
		{12E7B3AA-607F-46EE-81CB-150C0AC4135B}.Debug|Any CPU.ActiveCfg = Debug|Any CPU
		{12E7B3AA-607F-46EE-81CB-150C0AC4135B}.Debug|Any CPU.Build.0 = Debug|Any CPU
		{12E7B3AA-607F-46EE-81CB-150C0AC4135B}.Release|Any CPU.ActiveCfg = Release|Any CPU
		{12E7B3AA-607F-46EE-81CB-150C0AC4135B}.Release|Any CPU.Build.0 = Release|Any CPU
	EndGlobalSection
	GlobalSection(SolutionProperties) = preSolution
		HideSolutionNode = FALSE
	EndGlobalSection
	GlobalSection(ExtensibilityGlobals) = postSolution
		SolutionGuid = {DADE2121-FD49-49DA-85F2-C13A7B2BD194}
	EndGlobalSection
EndGlobal
