
Microsoft Visual Studio Solution File, Format Version 12.00
# Visual Studio Version 17
VisualStudioVersion = 17.5.33530.505
MinimumVisualStudioVersion = 10.0.40219.1
Project("{FAE04EC0-301F-11D3-BF4B-00C04F79EFBC}") = "Algorithm", "Algorithm\Algorithm.csproj", "{572F7B49-27B0-423C-9F9C-7BCAC24A5C32}"
EndProject
Global
	GlobalSection(SolutionConfigurationPlatforms) = preSolution
		Debug|Any CPU = Debug|Any CPU
		Release|Any CPU = Release|Any CPU
	EndGlobalSection
	GlobalSection(ProjectConfigurationPlatforms) = postSolution
		{572F7B49-27B0-423C-9F9C-7BCAC24A5C32}.Debug|Any CPU.ActiveCfg = Debug|Any CPU
		{572F7B49-27B0-423C-9F9C-7BCAC24A5C32}.Debug|Any CPU.Build.0 = Debug|Any CPU
		{572F7B49-27B0-423C-9F9C-7BCAC24A5C32}.Release|Any CPU.ActiveCfg = Release|Any CPU
		{572F7B49-27B0-423C-9F9C-7BCAC24A5C32}.Release|Any CPU.Build.0 = Release|Any CPU
	EndGlobalSection
	GlobalSection(SolutionProperties) = preSolution
		HideSolutionNode = FALSE
	EndGlobalSection
	GlobalSection(ExtensibilityGlobals) = postSolution
		SolutionGuid = {DADE2121-FD49-49DA-85F2-C13A7B2BD194}
	EndGlobalSection
EndGlobal
