
Microsoft Visual Studio Solution File, Format Version 12.00
# Visual Studio Version 17
VisualStudioVersion = 17.5.33530.505
MinimumVisualStudioVersion = 10.0.40219.1
Project("{FAE04EC0-301F-11D3-BF4B-00C04F79EFBC}") = "HashTableHomework", "HashTableHomework\HashTableHomework.csproj", "{C2983807-4A87-44A4-8BBB-78676A74818F}"
EndProject
Global
	GlobalSection(SolutionConfigurationPlatforms) = preSolution
		Debug|Any CPU = Debug|Any CPU
		Release|Any CPU = Release|Any CPU
	EndGlobalSection
	GlobalSection(ProjectConfigurationPlatforms) = postSolution
		{C2983807-4A87-44A4-8BBB-78676A74818F}.Debug|Any CPU.ActiveCfg = Debug|Any CPU
		{C2983807-4A87-44A4-8BBB-78676A74818F}.Debug|Any CPU.Build.0 = Debug|Any CPU
		{C2983807-4A87-44A4-8BBB-78676A74818F}.Release|Any CPU.ActiveCfg = Release|Any CPU
		{C2983807-4A87-44A4-8BBB-78676A74818F}.Release|Any CPU.Build.0 = Release|Any CPU
	EndGlobalSection
	GlobalSection(SolutionProperties) = preSolution
		HideSolutionNode = FALSE
	EndGlobalSection
	GlobalSection(ExtensibilityGlobals) = postSolution
		SolutionGuid = {CD6E0018-E52B-478C-BC96-F7C90528C23F}
	EndGlobalSection
EndGlobal
