
Microsoft Visual Studio Solution File, Format Version 12.00
# Visual Studio Version 17
VisualStudioVersion = 17.5.33530.505
MinimumVisualStudioVersion = 10.0.40219.1
Project("{FAE04EC0-301F-11D3-BF4B-00C04F79EFBC}") = "SortHomework", "SortHomework\SortHomework.csproj", "{2C4646D4-F802-4B40-895B-B2061E9007C3}"
EndProject
Global
	GlobalSection(SolutionConfigurationPlatforms) = preSolution
		Debug|Any CPU = Debug|Any CPU
		Release|Any CPU = Release|Any CPU
	EndGlobalSection
	GlobalSection(ProjectConfigurationPlatforms) = postSolution
		{2C4646D4-F802-4B40-895B-B2061E9007C3}.Debug|Any CPU.ActiveCfg = Debug|Any CPU
		{2C4646D4-F802-4B40-895B-B2061E9007C3}.Debug|Any CPU.Build.0 = Debug|Any CPU
		{2C4646D4-F802-4B40-895B-B2061E9007C3}.Release|Any CPU.ActiveCfg = Release|Any CPU
		{2C4646D4-F802-4B40-895B-B2061E9007C3}.Release|Any CPU.Build.0 = Release|Any CPU
	EndGlobalSection
	GlobalSection(SolutionProperties) = preSolution
		HideSolutionNode = FALSE
	EndGlobalSection
	GlobalSection(ExtensibilityGlobals) = postSolution
		SolutionGuid = {0367C3C4-A538-4F46-BDBC-C65FB90FC7E1}
	EndGlobalSection
EndGlobal
