
Microsoft Visual Studio Solution File, Format Version 12.00
# Visual Studio Version 17
VisualStudioVersion = 17.5.33627.172
MinimumVisualStudioVersion = 10.0.40219.1
Project("{FAE04EC0-301F-11D3-BF4B-00C04F79EFBC}") = "PathFindingHomework", "PathFindingHomework\PathFindingHomework.csproj", "{96ABB71B-B694-4927-ADE8-13E79BFFF941}"
EndProject
Global
	GlobalSection(SolutionConfigurationPlatforms) = preSolution
		Debug|Any CPU = Debug|Any CPU
		Release|Any CPU = Release|Any CPU
	EndGlobalSection
	GlobalSection(ProjectConfigurationPlatforms) = postSolution
		{96ABB71B-B694-4927-ADE8-13E79BFFF941}.Debug|Any CPU.ActiveCfg = Debug|Any CPU
		{96ABB71B-B694-4927-ADE8-13E79BFFF941}.Debug|Any CPU.Build.0 = Debug|Any CPU
		{96ABB71B-B694-4927-ADE8-13E79BFFF941}.Release|Any CPU.ActiveCfg = Release|Any CPU
		{96ABB71B-B694-4927-ADE8-13E79BFFF941}.Release|Any CPU.Build.0 = Release|Any CPU
	EndGlobalSection
	GlobalSection(SolutionProperties) = preSolution
		HideSolutionNode = FALSE
	EndGlobalSection
	GlobalSection(ExtensibilityGlobals) = postSolution
		SolutionGuid = {A146F09E-D6F3-49BF-A4C4-D8585DF16FEE}
	EndGlobalSection
EndGlobal
