
Microsoft Visual Studio Solution File, Format Version 12.00
# Visual Studio Version 17
VisualStudioVersion = 17.5.33530.505
MinimumVisualStudioVersion = 10.0.40219.1
Project("{FAE04EC0-301F-11D3-BF4B-00C04F79EFBC}") = "BinarySearchTree", "BinarySearchTree\BinarySearchTree.csproj", "{B7C14568-F1C2-4440-B378-F5859E0424B4}"
EndProject
Global
	GlobalSection(SolutionConfigurationPlatforms) = preSolution
		Debug|Any CPU = Debug|Any CPU
		Release|Any CPU = Release|Any CPU
	EndGlobalSection
	GlobalSection(ProjectConfigurationPlatforms) = postSolution
		{B7C14568-F1C2-4440-B378-F5859E0424B4}.Debug|Any CPU.ActiveCfg = Debug|Any CPU
		{B7C14568-F1C2-4440-B378-F5859E0424B4}.Debug|Any CPU.Build.0 = Debug|Any CPU
		{B7C14568-F1C2-4440-B378-F5859E0424B4}.Release|Any CPU.ActiveCfg = Release|Any CPU
		{B7C14568-F1C2-4440-B378-F5859E0424B4}.Release|Any CPU.Build.0 = Release|Any CPU
	EndGlobalSection
	GlobalSection(SolutionProperties) = preSolution
		HideSolutionNode = FALSE
	EndGlobalSection
	GlobalSection(ExtensibilityGlobals) = postSolution
		SolutionGuid = {41C0BA5E-C1C9-4B16-8706-314B87EC3409}
	EndGlobalSection
EndGlobal
