
Microsoft Visual Studio Solution File, Format Version 12.00
# Visual Studio Version 17
VisualStudioVersion = 17.5.33530.505
MinimumVisualStudioVersion = 10.0.40219.1
Project("{FAE04EC0-301F-11D3-BF4B-00C04F79EFBC}") = "PriorityQueueHomework", "PriorityQueueHomework\PriorityQueueHomework.csproj", "{8B24B9ED-42DC-48F0-A707-FDB6784C242A}"
EndProject
Global
	GlobalSection(SolutionConfigurationPlatforms) = preSolution
		Debug|Any CPU = Debug|Any CPU
		Release|Any CPU = Release|Any CPU
	EndGlobalSection
	GlobalSection(ProjectConfigurationPlatforms) = postSolution
		{8B24B9ED-42DC-48F0-A707-FDB6784C242A}.Debug|Any CPU.ActiveCfg = Debug|Any CPU
		{8B24B9ED-42DC-48F0-A707-FDB6784C242A}.Debug|Any CPU.Build.0 = Debug|Any CPU
		{8B24B9ED-42DC-48F0-A707-FDB6784C242A}.Release|Any CPU.ActiveCfg = Release|Any CPU
		{8B24B9ED-42DC-48F0-A707-FDB6784C242A}.Release|Any CPU.Build.0 = Release|Any CPU
	EndGlobalSection
	GlobalSection(SolutionProperties) = preSolution
		HideSolutionNode = FALSE
	EndGlobalSection
	GlobalSection(ExtensibilityGlobals) = postSolution
		SolutionGuid = {4D108B7D-4783-48D0-814E-48F0907929CA}
	EndGlobalSection
EndGlobal
